
Microsoft Visual Studio Solution File, Format Version 12.00
# Visual Studio 15
VisualStudioVersion = 15.0.28010.2050
MinimumVisualStudioVersion = 10.0.40219.1
Project("{FAE04EC0-301F-11D3-BF4B-00C04F79EFBC}") = "zadanie3.Android", "zadanie3\zadanie3.Android\zadanie3.Android.csproj", "{0D905342-59C9-4DAB-A53C-B31E725024DE}"
EndProject
Project("{FAE04EC0-301F-11D3-BF4B-00C04F79EFBC}") = "zadanie3", "zadanie3\zadanie3\zadanie3.csproj", "{6040FDB1-7E71-4392-BFC2-3B29942BCC17}"
EndProject
Global
	GlobalSection(SolutionConfigurationPlatforms) = preSolution
		Debug|Any CPU = Debug|Any CPU
		Release|Any CPU = Release|Any CPU
	EndGlobalSection
	GlobalSection(ProjectConfigurationPlatforms) = postSolution
		{0D905342-59C9-4DAB-A53C-B31E725024DE}.Debug|Any CPU.ActiveCfg = Debug|Any CPU
		{0D905342-59C9-4DAB-A53C-B31E725024DE}.Debug|Any CPU.Build.0 = Debug|Any CPU
		{0D905342-59C9-4DAB-A53C-B31E725024DE}.Debug|Any CPU.Deploy.0 = Debug|Any CPU
		{0D905342-59C9-4DAB-A53C-B31E725024DE}.Release|Any CPU.ActiveCfg = Release|Any CPU
		{0D905342-59C9-4DAB-A53C-B31E725024DE}.Release|Any CPU.Build.0 = Release|Any CPU
		{0D905342-59C9-4DAB-A53C-B31E725024DE}.Release|Any CPU.Deploy.0 = Release|Any CPU
		{6040FDB1-7E71-4392-BFC2-3B29942BCC17}.Debug|Any CPU.ActiveCfg = Debug|Any CPU
		{6040FDB1-7E71-4392-BFC2-3B29942BCC17}.Debug|Any CPU.Build.0 = Debug|Any CPU
		{6040FDB1-7E71-4392-BFC2-3B29942BCC17}.Debug|Any CPU.Deploy.0 = Debug|Any CPU
		{6040FDB1-7E71-4392-BFC2-3B29942BCC17}.Release|Any CPU.ActiveCfg = Release|Any CPU
		{6040FDB1-7E71-4392-BFC2-3B29942BCC17}.Release|Any CPU.Build.0 = Release|Any CPU
		{6040FDB1-7E71-4392-BFC2-3B29942BCC17}.Release|Any CPU.Deploy.0 = Release|Any CPU
	EndGlobalSection
	GlobalSection(SolutionProperties) = preSolution
		HideSolutionNode = FALSE
	EndGlobalSection
	GlobalSection(ExtensibilityGlobals) = postSolution
		SolutionGuid = {6CF0F806-29F9-4EFD-93E9-10CEF054BD84}
	EndGlobalSection
EndGlobal
